{
    "_readme": [
        "This file locks the dependencies of your project to a known state",
        "Read more about it at https://getcomposer.org/doc/01-basic-usage.md#composer-lock-the-lock-file",
        "This file is @generated automatically"
    ],
    "hash": "003c0d985e961f578c22f0e32251d16e",
    "packages": [
        {
            "name": "dreamfactory/installer",
            "version": "1.0.1",
            "source": {
                "type": "git",
                "url": "https://github.com/dreamfactorysoftware/installer.git",
                "reference": "f2f264aaf117c0d94c448a6fa92bbce8970c49e8"
            },
            "dist": {
                "type": "zip",
                "url": "https://api.github.com/repos/dreamfactorysoftware/installer/zipball/f2f264aaf117c0d94c448a6fa92bbce8970c49e8",
                "reference": "f2f264aaf117c0d94c448a6fa92bbce8970c49e8",
                "shasum": ""
            },
            "require-dev": {
                "composer/composer": "1.0.*@dev",
                "phpunit/phpunit": "@stable"
            },
            "type": "composer-installer",
            "extra": {
                "class": "DreamFactory\\Tools\\Composer\\Installer\\Installer",
                "branch-alias": {
                    "dev-master": "1.0-dev"
                }
            },
            "autoload": {
                "psr-4": {
                    "DreamFactory\\Tools\\Composer\\Installer\\": "src/"
                }
            },
            "notification-url": "https://packagist.org/downloads/",
            "license": [
                "Apache-2.0"
            ],
            "description": "DreamFactory Services Platform(tm) Library Installer",
            "homepage": "https://www.dreamfactory.com/",
            "keywords": [
                "Service Bus",
                "cloud-computing",
                "dsp",
                "dsp-core",
                "esb",
                "framework",
                "remote web services",
                "rest"
            ],
            "time": "2015-01-22 19:58:42"
        }
    ],
    "packages-dev": [],
    "aliases": [],
    "minimum-stability": "dev",
    "stability-flags": [],
    "prefer-stable": true,
    "prefer-lowest": false,
    "platform": [],
    "platform-dev": []
}
